
Microsoft Visual Studio Solution File, Format Version 12.00
# Visual Studio 15
VisualStudioVersion = 15.0.28010.2003
MinimumVisualStudioVersion = 10.0.40219.1
Project("{FAE04EC0-301F-11D3-BF4B-00C04F79EFBC}") = "CLIGithubPublisher", "CLIGithubPublisher\CLIGithubPublisher.csproj", "{02920C1C-7E91-49A1-A661-C702061ED8F5}"
EndProject
Global
	GlobalSection(SolutionConfigurationPlatforms) = preSolution
		Debug|Any CPU = Debug|Any CPU
		Release|Any CPU = Release|Any CPU
	EndGlobalSection
	GlobalSection(ProjectConfigurationPlatforms) = postSolution
		{02920C1C-7E91-49A1-A661-C702061ED8F5}.Debug|Any CPU.ActiveCfg = Debug|Any CPU
		{02920C1C-7E91-49A1-A661-C702061ED8F5}.Debug|Any CPU.Build.0 = Debug|Any CPU
		{02920C1C-7E91-49A1-A661-C702061ED8F5}.Release|Any CPU.ActiveCfg = Release|Any CPU
		{02920C1C-7E91-49A1-A661-C702061ED8F5}.Release|Any CPU.Build.0 = Release|Any CPU
	EndGlobalSection
	GlobalSection(SolutionProperties) = preSolution
		HideSolutionNode = FALSE
	EndGlobalSection
	GlobalSection(ExtensibilityGlobals) = postSolution
		SolutionGuid = {55D0F07C-7F89-4B6A-829B-A773A83965D8}
	EndGlobalSection
EndGlobal
